{
  "name": "gnb-network",
  "version": "0.0.1",
  "lockfileVersion": 1,
  "requires": true,
  "dependencies": {
    "jsbayes": {
      "version": "0.1.0",
      "resolved": "https://registry.npmjs.org/jsbayes/-/jsbayes-0.1.0.tgz",
      "integrity": "sha512-V7BdZbj/3hpotdLk7ZQvRQ9/w2flAkffNKfOxR4vj6vjNoGPmrHrKOWPKQ6qsDttmMo+//2+hcWYY1MLEWt+ng=="
    }
  }
}
